
Microsoft Visual Studio Solution File, Format Version 12.00
# Visual Studio Version 17
VisualStudioVersion = 17.14.36221.1
MinimumVisualStudioVersion = 10.0.40219.1
Project("{8BC9CEB8-8B4A-11D0-8D11-00A0C91BC942}") = "EX0_AddingSmallVectors", "EX0_AddingSmallVectors\EX0_AddingSmallVectors.vcxproj", "{0589EF08-0657-9A55-4B0A-35E23F81FAA7}"
EndProject
Project("{8BC9CEB8-8B4A-11D0-8D11-00A0C91BC942}") = "EX1_AddingVectors", "EX1_AddingVectors\EX1_AddingVectors.vcxproj", "{D7F9CB28-4AE2-7FF2-713D-07F1DC49CE5A}"
EndProject
Project("{8BC9CEB8-8B4A-11D0-8D11-00A0C91BC942}") = "EX2_VectorReduction", "EX2_VectorReduction\EX2_VectorReduction.vcxproj", "{00E44D8D-32AF-C4C5-C0DE-FCA2F85FC5D1}"
EndProject
Project("{8BC9CEB8-8B4A-11D0-8D11-00A0C91BC942}") = "EX3_MatMul", "EX3_MatMul\EX3_MatMul.vcxproj", "{C86D78FC-71FC-44B6-057B-FF72027EC4E6}"
EndProject
Project("{8BC9CEB8-8B4A-11D0-8D11-00A0C91BC942}") = "EX4_MatMul(SharedMemory)", "EX4_MatMul(SharedMemory)\EX4_MatMul(SharedMemory).vcxproj", "{C8F58CA7-9D45-483D-276C-E43B33F63246}"
EndProject
Project("{8BC9CEB8-8B4A-11D0-8D11-00A0C91BC942}") = "EX5_Stream", "EX5_Stream\EX5_Stream.vcxproj", "{C6FF8D75-4625-7FA6-74F2-EAA991D0BCAE}"
EndProject
Global
	GlobalSection(SolutionConfigurationPlatforms) = preSolution
		Debug|x64 = Debug|x64
		Release|x64 = Release|x64
	EndGlobalSection
	GlobalSection(ProjectConfigurationPlatforms) = postSolution
		{0589EF08-0657-9A55-4B0A-35E23F81FAA7}.Debug|x64.ActiveCfg = Debug|x64
		{0589EF08-0657-9A55-4B0A-35E23F81FAA7}.Debug|x64.Build.0 = Debug|x64
		{0589EF08-0657-9A55-4B0A-35E23F81FAA7}.Release|x64.ActiveCfg = Release|x64
		{0589EF08-0657-9A55-4B0A-35E23F81FAA7}.Release|x64.Build.0 = Release|x64
		{D7F9CB28-4AE2-7FF2-713D-07F1DC49CE5A}.Debug|x64.ActiveCfg = Debug|x64
		{D7F9CB28-4AE2-7FF2-713D-07F1DC49CE5A}.Debug|x64.Build.0 = Debug|x64
		{D7F9CB28-4AE2-7FF2-713D-07F1DC49CE5A}.Release|x64.ActiveCfg = Release|x64
		{D7F9CB28-4AE2-7FF2-713D-07F1DC49CE5A}.Release|x64.Build.0 = Release|x64
		{00E44D8D-32AF-C4C5-C0DE-FCA2F85FC5D1}.Debug|x64.ActiveCfg = Debug|x64
		{00E44D8D-32AF-C4C5-C0DE-FCA2F85FC5D1}.Debug|x64.Build.0 = Debug|x64
		{00E44D8D-32AF-C4C5-C0DE-FCA2F85FC5D1}.Release|x64.ActiveCfg = Release|x64
		{00E44D8D-32AF-C4C5-C0DE-FCA2F85FC5D1}.Release|x64.Build.0 = Release|x64
		{C86D78FC-71FC-44B6-057B-FF72027EC4E6}.Debug|x64.ActiveCfg = Debug|x64
		{C86D78FC-71FC-44B6-057B-FF72027EC4E6}.Debug|x64.Build.0 = Debug|x64
		{C86D78FC-71FC-44B6-057B-FF72027EC4E6}.Release|x64.ActiveCfg = Release|x64
		{C86D78FC-71FC-44B6-057B-FF72027EC4E6}.Release|x64.Build.0 = Release|x64
		{C8F58CA7-9D45-483D-276C-E43B33F63246}.Debug|x64.ActiveCfg = Debug|x64
		{C8F58CA7-9D45-483D-276C-E43B33F63246}.Debug|x64.Build.0 = Debug|x64
		{C8F58CA7-9D45-483D-276C-E43B33F63246}.Release|x64.ActiveCfg = Release|x64
		{C8F58CA7-9D45-483D-276C-E43B33F63246}.Release|x64.Build.0 = Release|x64
		{C6FF8D75-4625-7FA6-74F2-EAA991D0BCAE}.Debug|x64.ActiveCfg = Debug|x64
		{C6FF8D75-4625-7FA6-74F2-EAA991D0BCAE}.Debug|x64.Build.0 = Debug|x64
		{C6FF8D75-4625-7FA6-74F2-EAA991D0BCAE}.Release|x64.ActiveCfg = Release|x64
		{C6FF8D75-4625-7FA6-74F2-EAA991D0BCAE}.Release|x64.Build.0 = Release|x64
	EndGlobalSection
	GlobalSection(SolutionProperties) = preSolution
		HideSolutionNode = FALSE
	EndGlobalSection
	GlobalSection(ExtensibilityGlobals) = postSolution
		SolutionGuid = {F65DE401-5E1A-43AE-B4AD-DD5180B3111E}
	EndGlobalSection
EndGlobal
